
Microsoft Visual Studio Solution File, Format Version 12.00
# Visual Studio Version 17
VisualStudioVersion = 17.6.33829.357
MinimumVisualStudioVersion = 10.0.40219.1
Project("{FAE04EC0-301F-11D3-BF4B-00C04F79EFBC}") = "AspNetCoreIdentityApp.Web", "AspNetCoreIdentityApp.Web\AspNetCoreIdentityApp.Web.csproj", "{D62A9063-4137-44A9-B8AF-22F7D6C80C09}"
EndProject
Global
	GlobalSection(SolutionConfigurationPlatforms) = preSolution
		Debug|Any CPU = Debug|Any CPU
		Release|Any CPU = Release|Any CPU
	EndGlobalSection
	GlobalSection(ProjectConfigurationPlatforms) = postSolution
		{D62A9063-4137-44A9-B8AF-22F7D6C80C09}.Debug|Any CPU.ActiveCfg = Debug|Any CPU
		{D62A9063-4137-44A9-B8AF-22F7D6C80C09}.Debug|Any CPU.Build.0 = Debug|Any CPU
		{D62A9063-4137-44A9-B8AF-22F7D6C80C09}.Release|Any CPU.ActiveCfg = Release|Any CPU
		{D62A9063-4137-44A9-B8AF-22F7D6C80C09}.Release|Any CPU.Build.0 = Release|Any CPU
	EndGlobalSection
	GlobalSection(SolutionProperties) = preSolution
		HideSolutionNode = FALSE
	EndGlobalSection
	GlobalSection(ExtensibilityGlobals) = postSolution
		SolutionGuid = {B08A485C-31B4-42C6-84CB-B6ADE4685B9E}
	EndGlobalSection
EndGlobal
